
Microsoft Visual Studio Solution File, Format Version 12.00
# Visual Studio 15
VisualStudioVersion = 15.0.27130.2003
MinimumVisualStudioVersion = 10.0.40219.1
Project("{2150E333-8FDC-42A3-9474-1A3956D46DE8}") = "Web", "Web", "{5EF64BB0-AF97-4307-B2BB-0FF54878FEA9}"
EndProject
Project("{FAE04EC0-301F-11D3-BF4B-00C04F79EFBC}") = "Agenda.WebApplication", "Agenda.WebApplication\Agenda.WebApplication.csproj", "{376C9B9A-89F2-4DC2-8022-DF354D3075B9}"
EndProject
Project("{2150E333-8FDC-42A3-9474-1A3956D46DE8}") = "Domain", "Domain", "{0D6B6E12-5DD1-41DC-BFC8-673F3E772D5B}"
EndProject
Global
	GlobalSection(SolutionConfigurationPlatforms) = preSolution
		Debug|Any CPU = Debug|Any CPU
		Release|Any CPU = Release|Any CPU
	EndGlobalSection
	GlobalSection(ProjectConfigurationPlatforms) = postSolution
		{376C9B9A-89F2-4DC2-8022-DF354D3075B9}.Debug|Any CPU.ActiveCfg = Debug|Any CPU
		{376C9B9A-89F2-4DC2-8022-DF354D3075B9}.Debug|Any CPU.Build.0 = Debug|Any CPU
		{376C9B9A-89F2-4DC2-8022-DF354D3075B9}.Release|Any CPU.ActiveCfg = Release|Any CPU
		{376C9B9A-89F2-4DC2-8022-DF354D3075B9}.Release|Any CPU.Build.0 = Release|Any CPU
	EndGlobalSection
	GlobalSection(SolutionProperties) = preSolution
		HideSolutionNode = FALSE
	EndGlobalSection
	GlobalSection(NestedProjects) = preSolution
		{376C9B9A-89F2-4DC2-8022-DF354D3075B9} = {5EF64BB0-AF97-4307-B2BB-0FF54878FEA9}
	EndGlobalSection
	GlobalSection(ExtensibilityGlobals) = postSolution
		SolutionGuid = {4735155C-CBE6-4804-AE9A-51C9C8C6D239}
	EndGlobalSection
EndGlobal
